
Microsoft Visual Studio Solution File, Format Version 12.00
# Visual Studio Version 16
VisualStudioVersion = 16.0.31424.327
MinimumVisualStudioVersion = 10.0.40219.1
Project("{FAE04EC0-301F-11D3-BF4B-00C04F79EFBC}") = "ClickServiceTask2", "ClickServiceTask2.csproj", "{EBC33776-3BB6-4735-ACA7-7FC1F5B9B464}"
EndProject
Project("{FAE04EC0-301F-11D3-BF4B-00C04F79EFBC}") = "ClickServiceTask1", "..\ClickService2\ClickServiceTask1.csproj", "{E5022E96-D693-40E4-8C3E-423CD5D3B94E}"
EndProject
Global
	GlobalSection(SolutionConfigurationPlatforms) = preSolution
		Debug|Any CPU = Debug|Any CPU
		Release|Any CPU = Release|Any CPU
	EndGlobalSection
	GlobalSection(ProjectConfigurationPlatforms) = postSolution
		{EBC33776-3BB6-4735-ACA7-7FC1F5B9B464}.Debug|Any CPU.ActiveCfg = Debug|Any CPU
		{EBC33776-3BB6-4735-ACA7-7FC1F5B9B464}.Debug|Any CPU.Build.0 = Debug|Any CPU
		{EBC33776-3BB6-4735-ACA7-7FC1F5B9B464}.Release|Any CPU.ActiveCfg = Release|Any CPU
		{EBC33776-3BB6-4735-ACA7-7FC1F5B9B464}.Release|Any CPU.Build.0 = Release|Any CPU
		{E5022E96-D693-40E4-8C3E-423CD5D3B94E}.Debug|Any CPU.ActiveCfg = Debug|Any CPU
		{E5022E96-D693-40E4-8C3E-423CD5D3B94E}.Debug|Any CPU.Build.0 = Debug|Any CPU
		{E5022E96-D693-40E4-8C3E-423CD5D3B94E}.Release|Any CPU.ActiveCfg = Release|Any CPU
		{E5022E96-D693-40E4-8C3E-423CD5D3B94E}.Release|Any CPU.Build.0 = Release|Any CPU
	EndGlobalSection
	GlobalSection(SolutionProperties) = preSolution
		HideSolutionNode = FALSE
	EndGlobalSection
	GlobalSection(ExtensibilityGlobals) = postSolution
		SolutionGuid = {067DC5E6-C44A-4C42-82E9-8A97B3FC83F8}
	EndGlobalSection
EndGlobal
